
Microsoft Visual Studio Solution File, Format Version 12.00
# Visual Studio Version 17
VisualStudioVersion = 17.9.34728.123
MinimumVisualStudioVersion = 10.0.40219.1
Project("{FAE04EC0-301F-11D3-BF4B-00C04F79EFBC}") = "Student200564972", "Student200564972\Student200564972.csproj", "{B3087FA5-5555-4551-A7C2-1BCA376B20BC}"
EndProject
Global
	GlobalSection(SolutionConfigurationPlatforms) = preSolution
		Debug|Any CPU = Debug|Any CPU
		Release|Any CPU = Release|Any CPU
	EndGlobalSection
	GlobalSection(ProjectConfigurationPlatforms) = postSolution
		{B3087FA5-5555-4551-A7C2-1BCA376B20BC}.Debug|Any CPU.ActiveCfg = Debug|Any CPU
		{B3087FA5-5555-4551-A7C2-1BCA376B20BC}.Debug|Any CPU.Build.0 = Debug|Any CPU
		{B3087FA5-5555-4551-A7C2-1BCA376B20BC}.Release|Any CPU.ActiveCfg = Release|Any CPU
		{B3087FA5-5555-4551-A7C2-1BCA376B20BC}.Release|Any CPU.Build.0 = Release|Any CPU
	EndGlobalSection
	GlobalSection(SolutionProperties) = preSolution
		HideSolutionNode = FALSE
	EndGlobalSection
	GlobalSection(ExtensibilityGlobals) = postSolution
		SolutionGuid = {DD342F41-B07A-406B-919E-58AEC7D64BCE}
	EndGlobalSection
EndGlobal
